// !$*UTF8*$!
{
	archiveVersion = 1;
	classes = {
	};
	objectVersion = 46;
	objects = {

/* Begin PBXBuildFile section */
		2B2D5BFC15CB12BC00A8C6CB /* morph_neo.jpeg in Resources */ = {isa = PBXBuildFile; fileRef = 2B2D5BFB15CB12BC00A8C6CB /* morph_neo.jpeg */; };
		2B42899A15CB25A900DDBCD4 /* RainMan.mp3 in Resources */ = {isa = PBXBuildFile; fileRef = 2B42899915CB25A900DDBCD4 /* RainMan.mp3 */; };
		2B42899D15CB291700DDBCD4 /* icon57.png in Resources */ = {isa = PBXBuildFile; fileRef = 2B42899C15CB291700DDBCD4 /* icon57.png */; };
		2B42899F15CB292A00DDBCD4 /* icon114.png in Resources */ = {isa = PBXBuildFile; fileRef = 2B42899E15CB292A00DDBCD4 /* icon114.png */; };
		2B4289A115CB292F00DDBCD4 /* icon72.png in Resources */ = {isa = PBXBuildFile; fileRef = 2B4289A015CB292F00DDBCD4 /* icon72.png */; };
		2B4289A315CB293200DDBCD4 /* icon144.png in Resources */ = {isa = PBXBuildFile; fileRef = 2B4289A215CB293200DDBCD4 /* icon144.png */; };
		39C474AC148978D800203FA8 /* UIKit.framework in Frameworks */ = {isa = PBXBuildFile; fileRef = 39C474AB148978D800203FA8 /* UIKit.framework */; };
		39C474AE148978D800203FA8 /* Foundation.framework in Frameworks */ = {isa = PBXBuildFile; fileRef = 39C474AD148978D800203FA8 /* Foundation.framework */; };
		39C474B0148978D800203FA8 /* CoreGraphics.framework in Frameworks */ = {isa = PBXBuildFile; fileRef = 39C474AF148978D800203FA8 /* CoreGraphics.framework */; };
		39C474B6148978D800203FA8 /* InfoPlist.strings in Resources */ = {isa = PBXBuildFile; fileRef = 39C474B4148978D800203FA8 /* InfoPlist.strings */; };
		39C474B8148978D800203FA8 /* main.m in Sources */ = {isa = PBXBuildFile; fileRef = 39C474B7148978D800203FA8 /* main.m */; };
		39C474BC148978D800203FA8 /* OrsonAppDelegate.m in Sources */ = {isa = PBXBuildFile; fileRef = 39C474BB148978D800203FA8 /* OrsonAppDelegate.m */; };
		39C474C314897B8800203FA8 /* MediaPlayer.framework in Frameworks */ = {isa = PBXBuildFile; fileRef = 39C474C214897B8800203FA8 /* MediaPlayer.framework */; };
		39E7D5DB148D2E0C0004A7A7 /* AVFoundation.framework in Frameworks */ = {isa = PBXBuildFile; fileRef = 39E7D5DA148D2E0C0004A7A7 /* AVFoundation.framework */; };
		39E7D5E0148D325D0004A7A7 /* Still.png in Resources */ = {isa = PBXBuildFile; fileRef = 39E7D5DC148D325D0004A7A7 /* Still.png */; };
		39E7D5E1148D325D0004A7A7 /* Text.png in Resources */ = {isa = PBXBuildFile; fileRef = 39E7D5DD148D325D0004A7A7 /* Text.png */; };
		39E7D5E2148D325D0004A7A7 /* Theme.png in Resources */ = {isa = PBXBuildFile; fileRef = 39E7D5DE148D325D0004A7A7 /* Theme.png */; };
		39E7D5E3148D325D0004A7A7 /* Video.png in Resources */ = {isa = PBXBuildFile; fileRef = 39E7D5DF148D325D0004A7A7 /* Video.png */; };
		39E7D5EF148D37EE0004A7A7 /* Postericon.png in Resources */ = {isa = PBXBuildFile; fileRef = 39E7D5EE148D37EE0004A7A7 /* Postericon.png */; };
/* End PBXBuildFile section */

/* Begin PBXFileReference section */
		2B2D5BFB15CB12BC00A8C6CB /* morph_neo.jpeg */ = {isa = PBXFileReference; lastKnownFileType = image.jpeg; path = morph_neo.jpeg; sourceTree = SOURCE_ROOT; };
		2B42899915CB25A900DDBCD4 /* RainMan.mp3 */ = {isa = PBXFileReference; lastKnownFileType = audio.mp3; path = RainMan.mp3; sourceTree = SOURCE_ROOT; };
		2B42899C15CB291700DDBCD4 /* icon57.png */ = {isa = PBXFileReference; lastKnownFileType = image.png; path = icon57.png; sourceTree = "<group>"; };
		2B42899E15CB292A00DDBCD4 /* icon114.png */ = {isa = PBXFileReference; lastKnownFileType = image.png; path = icon114.png; sourceTree = "<group>"; };
		2B4289A015CB292F00DDBCD4 /* icon72.png */ = {isa = PBXFileReference; lastKnownFileType = image.png; path = icon72.png; sourceTree = "<group>"; };
		2B4289A215CB293200DDBCD4 /* icon144.png */ = {isa = PBXFileReference; lastKnownFileType = image.png; path = icon144.png; sourceTree = "<group>"; };
		39C474A7148978D800203FA8 /* Matrix.app */ = {isa = PBXFileReference; explicitFileType = wrapper.application; includeInIndex = 0; path = Matrix.app; sourceTree = BUILT_PRODUCTS_DIR; };
		39C474AB148978D800203FA8 /* UIKit.framework */ = {isa = PBXFileReference; lastKnownFileType = wrapper.framework; name = UIKit.framework; path = System/Library/Frameworks/UIKit.framework; sourceTree = SDKROOT; };
		39C474AD148978D800203FA8 /* Foundation.framework */ = {isa = PBXFileReference; lastKnownFileType = wrapper.framework; name = Foundation.framework; path = System/Library/Frameworks/Foundation.framework; sourceTree = SDKROOT; };
		39C474AF148978D800203FA8 /* CoreGraphics.framework */ = {isa = PBXFileReference; lastKnownFileType = wrapper.framework; name = CoreGraphics.framework; path = System/Library/Frameworks/CoreGraphics.framework; sourceTree = SDKROOT; };
		39C474B3148978D800203FA8 /* Matrix-Info.plist */ = {isa = PBXFileReference; path = "Matrix-Info.plist"; sourceTree = "<group>"; };
		39C474B5148978D800203FA8 /* en */ = {isa = PBXFileReference; lastKnownFileType = text.plist.strings; name = en; path = en.lproj/InfoPlist.strings; sourceTree = "<group>"; };
		39C474B7148978D800203FA8 /* main.m */ = {isa = PBXFileReference; lastKnownFileType = sourcecode.c.objc; path = main.m; sourceTree = "<group>"; };
		39C474B9148978D800203FA8 /* Matrix-Prefix.pch */ = {isa = PBXFileReference; path = "Matrix-Prefix.pch"; sourceTree = "<group>"; };
		39C474BA148978D800203FA8 /* OrsonAppDelegate.h */ = {isa = PBXFileReference; lastKnownFileType = sourcecode.c.h; path = OrsonAppDelegate.h; sourceTree = "<group>"; };
		39C474BB148978D800203FA8 /* OrsonAppDelegate.m */ = {isa = PBXFileReference; lastKnownFileType = sourcecode.c.objc; path = OrsonAppDelegate.m; sourceTree = "<group>"; };
		39C474C214897B8800203FA8 /* MediaPlayer.framework */ = {isa = PBXFileReference; lastKnownFileType = wrapper.framework; name = MediaPlayer.framework; path = System/Library/Frameworks/MediaPlayer.framework; sourceTree = SDKROOT; };
		39E7D5DA148D2E0C0004A7A7 /* AVFoundation.framework */ = {isa = PBXFileReference; lastKnownFileType = wrapper.framework; name = AVFoundation.framework; path = System/Library/Frameworks/AVFoundation.framework; sourceTree = SDKROOT; };
		39E7D5DC148D325D0004A7A7 /* Still.png */ = {isa = PBXFileReference; lastKnownFileType = image.png; path = Still.png; sourceTree = SOURCE_ROOT; };
		39E7D5DD148D325D0004A7A7 /* Text.png */ = {isa = PBXFileReference; lastKnownFileType = image.png; path = Text.png; sourceTree = SOURCE_ROOT; };
		39E7D5DE148D325D0004A7A7 /* Theme.png */ = {isa = PBXFileReference; lastKnownFileType = image.png; path = Theme.png; sourceTree = SOURCE_ROOT; };
		39E7D5DF148D325D0004A7A7 /* Video.png */ = {isa = PBXFileReference; lastKnownFileType = image.png; path = Video.png; sourceTree = SOURCE_ROOT; };
		39E7D5EE148D37EE0004A7A7 /* Postericon.png */ = {isa = PBXFileReference; lastKnownFileType = image.png; path = Postericon.png; sourceTree = SOURCE_ROOT; };
/* End PBXFileReference section */

/* Begin PBXFrameworksBuildPhase section */
		39C474A4148978D800203FA8 /* Frameworks */ = {
			isa = PBXFrameworksBuildPhase;
			buildActionMask = 2147483647;
			files = (
				39E7D5DB148D2E0C0004A7A7 /* AVFoundation.framework in Frameworks */,
				39C474C314897B8800203FA8 /* MediaPlayer.framework in Frameworks */,
				39C474AC148978D800203FA8 /* UIKit.framework in Frameworks */,
				39C474AE148978D800203FA8 /* Foundation.framework in Frameworks */,
				39C474B0148978D800203FA8 /* CoreGraphics.framework in Frameworks */,
			);
			runOnlyForDeploymentPostprocessing = 0;
		};
/* End PBXFrameworksBuildPhase section */

/* Begin PBXGroup section */
		39C4749C148978D800203FA8 = {
			isa = PBXGroup;
			children = (
				2B4289A215CB293200DDBCD4 /* icon144.png */,
				2B4289A015CB292F00DDBCD4 /* icon72.png */,
				2B42899E15CB292A00DDBCD4 /* icon114.png */,
				2B42899C15CB291700DDBCD4 /* icon57.png */,
				39C474B1148978D800203FA8 /* Orson */,
				39C474AA148978D800203FA8 /* Frameworks */,
				39C474A8148978D800203FA8 /* Products */,
			);
			sourceTree = "<group>";
		};
		39C474A8148978D800203FA8 /* Products */ = {
			isa = PBXGroup;
			children = (
				39C474A7148978D800203FA8 /* Matrix.app */,
			);
			name = Products;
			sourceTree = "<group>";
		};
		39C474AA148978D800203FA8 /* Frameworks */ = {
			isa = PBXGroup;
			children = (
				39E7D5DA148D2E0C0004A7A7 /* AVFoundation.framework */,
				39C474C214897B8800203FA8 /* MediaPlayer.framework */,
				39C474AB148978D800203FA8 /* UIKit.framework */,
				39C474AD148978D800203FA8 /* Foundation.framework */,
				39C474AF148978D800203FA8 /* CoreGraphics.framework */,
			);
			name = Frameworks;
			sourceTree = "<group>";
		};
		39C474B1148978D800203FA8 /* Orson */ = {
			isa = PBXGroup;
			children = (
				39C474BA148978D800203FA8 /* OrsonAppDelegate.h */,
				39C474BB148978D800203FA8 /* OrsonAppDelegate.m */,
				39C474B2148978D800203FA8 /* Supporting Files */,
			);
			path = Orson;
			sourceTree = "<group>";
		};
		39C474B2148978D800203FA8 /* Supporting Files */ = {
			isa = PBXGroup;
			children = (
				2B2D5BFB15CB12BC00A8C6CB /* morph_neo.jpeg */,
				39E7D5EE148D37EE0004A7A7 /* Postericon.png */,
				39E7D5DC148D325D0004A7A7 /* Still.png */,
				39E7D5DD148D325D0004A7A7 /* Text.png */,
				2B42899915CB25A900DDBCD4 /* RainMan.mp3 */,
				39E7D5DE148D325D0004A7A7 /* Theme.png */,
				39E7D5DF148D325D0004A7A7 /* Video.png */,
				39C474B3148978D800203FA8 /* Matrix-Info.plist */,
				39C474B4148978D800203FA8 /* InfoPlist.strings */,
				39C474B7148978D800203FA8 /* main.m */,
				39C474B9148978D800203FA8 /* Matrix-Prefix.pch */,
			);
			name = "Supporting Files";
			sourceTree = "<group>";
		};
/* End PBXGroup section */

/* Begin PBXNativeTarget section */
		39C474A6148978D800203FA8 /* Matrix */ = {
			isa = PBXNativeTarget;
			buildConfigurationList = 39C474BF148978D800203FA8 /* Build configuration list for PBXNativeTarget "Matrix" */;
			buildPhases = (
				39C474A3148978D800203FA8 /* Sources */,
				39C474A4148978D800203FA8 /* Frameworks */,
				39C474A5148978D800203FA8 /* Resources */,
			);
			buildRules = (
			);
			dependencies = (
			);
			name = Matrix;
			productName = Orson;
			productReference = 39C474A7148978D800203FA8 /* Matrix.app */;
			productType = "com.apple.product-type.application";
		};
/* End PBXNativeTarget section */

/* Begin PBXProject section */
		39C4749E148978D800203FA8 /* Project object */ = {
			isa = PBXProject;
			attributes = {
				LastUpgradeCheck = 0420;
			};
			buildConfigurationList = 39C474A1148978D800203FA8 /* Build configuration list for PBXProject "Matrix" */;
			compatibilityVersion = "Xcode 3.2";
			developmentRegion = English;
			hasScannedForEncodings = 0;
			knownRegions = (
				en,
			);
			mainGroup = 39C4749C148978D800203FA8;
			productRefGroup = 39C474A8148978D800203FA8 /* Products */;
			projectDirPath = "";
			projectRoot = "";
			targets = (
				39C474A6148978D800203FA8 /* Matrix */,
			);
		};
/* End PBXProject section */

/* Begin PBXResourcesBuildPhase section */
		39C474A5148978D800203FA8 /* Resources */ = {
			isa = PBXResourcesBuildPhase;
			buildActionMask = 2147483647;
			files = (
				39C474B6148978D800203FA8 /* InfoPlist.strings in Resources */,
				39E7D5E0148D325D0004A7A7 /* Still.png in Resources */,
				39E7D5E1148D325D0004A7A7 /* Text.png in Resources */,
				39E7D5E2148D325D0004A7A7 /* Theme.png in Resources */,
				39E7D5E3148D325D0004A7A7 /* Video.png in Resources */,
				39E7D5EF148D37EE0004A7A7 /* Postericon.png in Resources */,
				2B2D5BFC15CB12BC00A8C6CB /* morph_neo.jpeg in Resources */,
				2B42899A15CB25A900DDBCD4 /* RainMan.mp3 in Resources */,
				2B42899D15CB291700DDBCD4 /* icon57.png in Resources */,
				2B42899F15CB292A00DDBCD4 /* icon114.png in Resources */,
				2B4289A115CB292F00DDBCD4 /* icon72.png in Resources */,
				2B4289A315CB293200DDBCD4 /* icon144.png in Resources */,
			);
			runOnlyForDeploymentPostprocessing = 0;
		};
/* End PBXResourcesBuildPhase section */

/* Begin PBXSourcesBuildPhase section */
		39C474A3148978D800203FA8 /* Sources */ = {
			isa = PBXSourcesBuildPhase;
			buildActionMask = 2147483647;
			files = (
				39C474B8148978D800203FA8 /* main.m in Sources */,
				39C474BC148978D800203FA8 /* OrsonAppDelegate.m in Sources */,
			);
			runOnlyForDeploymentPostprocessing = 0;
		};
/* End PBXSourcesBuildPhase section */

/* Begin PBXVariantGroup section */
		39C474B4148978D800203FA8 /* InfoPlist.strings */ = {
			isa = PBXVariantGroup;
			children = (
				39C474B5148978D800203FA8 /* en */,
			);
			name = InfoPlist.strings;
			sourceTree = "<group>";
		};
/* End PBXVariantGroup section */

/* Begin XCBuildConfiguration section */
		39C474BD148978D800203FA8 /* Debug */ = {
			isa = XCBuildConfiguration;
			buildSettings = {
				ALWAYS_SEARCH_USER_PATHS = NO;
				ARCHS = "$(ARCHS_STANDARD_32_BIT)";
				CLANG_ENABLE_OBJC_ARC = YES;
				"CODE_SIGN_IDENTITY[sdk=iphoneos*]" = "iPhone Developer";
				COPY_PHASE_STRIP = NO;
				GCC_C_LANGUAGE_STANDARD = gnu99;
				GCC_DYNAMIC_NO_PIC = NO;
				GCC_OPTIMIZATION_LEVEL = 0;
				GCC_PREPROCESSOR_DEFINITIONS = (
					"DEBUG=1",
					"$(inherited)",
				);
				GCC_SYMBOLS_PRIVATE_EXTERN = NO;
				GCC_VERSION = com.apple.compilers.llvm.clang.1_0;
				GCC_WARN_ABOUT_MISSING_PROTOTYPES = YES;
				GCC_WARN_ABOUT_RETURN_TYPE = YES;
				GCC_WARN_UNUSED_VARIABLE = YES;
				IPHONEOS_DEPLOYMENT_TARGET = 5.0;
				SDKROOT = iphoneos;
			};
			name = Debug;
		};
		39C474BE148978D800203FA8 /* Release */ = {
			isa = XCBuildConfiguration;
			buildSettings = {
				ALWAYS_SEARCH_USER_PATHS = NO;
				ARCHS = "$(ARCHS_STANDARD_32_BIT)";
				CLANG_ENABLE_OBJC_ARC = YES;
				"CODE_SIGN_IDENTITY[sdk=iphoneos*]" = "iPhone Developer";
				COPY_PHASE_STRIP = YES;
				GCC_C_LANGUAGE_STANDARD = gnu99;
				GCC_VERSION = com.apple.compilers.llvm.clang.1_0;
				GCC_WARN_ABOUT_MISSING_PROTOTYPES = YES;
				GCC_WARN_ABOUT_RETURN_TYPE = YES;
				GCC_WARN_UNUSED_VARIABLE = YES;
				IPHONEOS_DEPLOYMENT_TARGET = 5.0;
				OTHER_CFLAGS = "-DNS_BLOCK_ASSERTIONS=1";
				SDKROOT = iphoneos;
				VALIDATE_PRODUCT = YES;
			};
			name = Release;
		};
		39C474C0148978D800203FA8 /* Debug */ = {
			isa = XCBuildConfiguration;
			buildSettings = {
				GCC_PRECOMPILE_PREFIX_HEADER = YES;
				GCC_PREFIX_HEADER = "Orson/Matrix-Prefix.pch";
				INFOPLIST_FILE = "Orson/Matrix-Info.plist";
				IPHONEOS_DEPLOYMENT_TARGET = 5.1;
				PRODUCT_NAME = "$(TARGET_NAME)";
				TARGETED_DEVICE_FAMILY = "1,2";
				WRAPPER_EXTENSION = app;
			};
			name = Debug;
		};
		39C474C1148978D800203FA8 /* Release */ = {
			isa = XCBuildConfiguration;
			buildSettings = {
				GCC_PRECOMPILE_PREFIX_HEADER = YES;
				GCC_PREFIX_HEADER = "Orson/Matrix-Prefix.pch";
				INFOPLIST_FILE = "Orson/Matrix-Info.plist";
				IPHONEOS_DEPLOYMENT_TARGET = 5.1;
				PRODUCT_NAME = "$(TARGET_NAME)";
				TARGETED_DEVICE_FAMILY = "1,2";
				WRAPPER_EXTENSION = app;
			};
			name = Release;
		};
/* End XCBuildConfiguration section */

/* Begin XCConfigurationList section */
		39C474A1148978D800203FA8 /* Build configuration list for PBXProject "Matrix" */ = {
			isa = XCConfigurationList;
			buildConfigurations = (
				39C474BD148978D800203FA8 /* Debug */,
				39C474BE148978D800203FA8 /* Release */,
			);
			defaultConfigurationIsVisible = 0;
			defaultConfigurationName = Release;
		};
		39C474BF148978D800203FA8 /* Build configuration list for PBXNativeTarget "Matrix" */ = {
			isa = XCConfigurationList;
			buildConfigurations = (
				39C474C0148978D800203FA8 /* Debug */,
				39C474C1148978D800203FA8 /* Release */,
			);
			defaultConfigurationIsVisible = 0;
			defaultConfigurationName = Release;
		};
/* End XCConfigurationList section */
	};
	rootObject = 39C4749E148978D800203FA8 /* Project object */;
}
